
Microsoft Visual Studio Solution File, Format Version 12.00
# Visual Studio Version 16
VisualStudioVersion = 16.0.29411.108
MinimumVisualStudioVersion = 10.0.40219.1
Project("{FAE04EC0-301F-11D3-BF4B-00C04F79EFBC}") = "ASP.NET Core", "ASP.NET Core\ASP.NET Core.csproj", "{E086452F-77C4-49C5-8210-39C0940BC176}"
EndProject
Global
	GlobalSection(SolutionConfigurationPlatforms) = preSolution
		Debug|Any CPU = Debug|Any CPU
		Release|Any CPU = Release|Any CPU
	EndGlobalSection
	GlobalSection(ProjectConfigurationPlatforms) = postSolution
		{E086452F-77C4-49C5-8210-39C0940BC176}.Debug|Any CPU.ActiveCfg = Debug|Any CPU
		{E086452F-77C4-49C5-8210-39C0940BC176}.Debug|Any CPU.Build.0 = Debug|Any CPU
		{E086452F-77C4-49C5-8210-39C0940BC176}.Release|Any CPU.ActiveCfg = Release|Any CPU
		{E086452F-77C4-49C5-8210-39C0940BC176}.Release|Any CPU.Build.0 = Release|Any CPU
	EndGlobalSection
	GlobalSection(SolutionProperties) = preSolution
		HideSolutionNode = FALSE
	EndGlobalSection
	GlobalSection(ExtensibilityGlobals) = postSolution
		SolutionGuid = {2D77B0FE-0CD4-48FA-B145-4A1E4134D458}
	EndGlobalSection
EndGlobal
