
Microsoft Visual Studio Solution File, Format Version 12.00
# Visual Studio Version 16
VisualStudioVersion = 16.0.29411.108
MinimumVisualStudioVersion = 10.0.40219.1
Project("{9A19103F-16F7-4668-BE54-9A1E7A4F7556}") = "Fox club", "Fox club\Fox club.csproj", "{026425E3-DBC6-4539-B629-524B6DB91788}"
EndProject
Global
	GlobalSection(SolutionConfigurationPlatforms) = preSolution
		Debug|Any CPU = Debug|Any CPU
		Release|Any CPU = Release|Any CPU
	EndGlobalSection
	GlobalSection(ProjectConfigurationPlatforms) = postSolution
		{026425E3-DBC6-4539-B629-524B6DB91788}.Debug|Any CPU.ActiveCfg = Debug|Any CPU
		{026425E3-DBC6-4539-B629-524B6DB91788}.Debug|Any CPU.Build.0 = Debug|Any CPU
		{026425E3-DBC6-4539-B629-524B6DB91788}.Release|Any CPU.ActiveCfg = Release|Any CPU
		{026425E3-DBC6-4539-B629-524B6DB91788}.Release|Any CPU.Build.0 = Release|Any CPU
	EndGlobalSection
	GlobalSection(SolutionProperties) = preSolution
		HideSolutionNode = FALSE
	EndGlobalSection
	GlobalSection(ExtensibilityGlobals) = postSolution
		SolutionGuid = {55462E10-3D00-4575-8335-4DF5C6066A93}
	EndGlobalSection
EndGlobal
