
Microsoft Visual Studio Solution File, Format Version 12.00
# Visual Studio Version 16
VisualStudioVersion = 16.0.29306.81
MinimumVisualStudioVersion = 10.0.40219.1
Project("{FAE04EC0-301F-11D3-BF4B-00C04F79EFBC}") = "FileManipulation", "FileManipulation\FileManipulation.csproj", "{AD89E422-B989-41C0-A870-B41B01C41F41}"
EndProject
Global
	GlobalSection(SolutionConfigurationPlatforms) = preSolution
		Debug|Any CPU = Debug|Any CPU
		Release|Any CPU = Release|Any CPU
	EndGlobalSection
	GlobalSection(ProjectConfigurationPlatforms) = postSolution
		{AD89E422-B989-41C0-A870-B41B01C41F41}.Debug|Any CPU.ActiveCfg = Debug|Any CPU
		{AD89E422-B989-41C0-A870-B41B01C41F41}.Debug|Any CPU.Build.0 = Debug|Any CPU
		{AD89E422-B989-41C0-A870-B41B01C41F41}.Release|Any CPU.ActiveCfg = Release|Any CPU
		{AD89E422-B989-41C0-A870-B41B01C41F41}.Release|Any CPU.Build.0 = Release|Any CPU
	EndGlobalSection
	GlobalSection(SolutionProperties) = preSolution
		HideSolutionNode = FALSE
	EndGlobalSection
	GlobalSection(ExtensibilityGlobals) = postSolution
		SolutionGuid = {CB5CB8AA-0C23-4331-B152-29624599163E}
	EndGlobalSection
EndGlobal
