
Microsoft Visual Studio Solution File, Format Version 12.00
# Visual Studio Version 16
VisualStudioVersion = 16.0.29306.81
MinimumVisualStudioVersion = 10.0.40219.1
Project("{FAE04EC0-301F-11D3-BF4B-00C04F79EFBC}") = "HelloMe", "HelloMe\HelloMe.csproj", "{2C209B7D-4534-4B60-9B0C-653D02E6F10A}"
EndProject
Global
	GlobalSection(SolutionConfigurationPlatforms) = preSolution
		Debug|Any CPU = Debug|Any CPU
		Release|Any CPU = Release|Any CPU
	EndGlobalSection
	GlobalSection(ProjectConfigurationPlatforms) = postSolution
		{2C209B7D-4534-4B60-9B0C-653D02E6F10A}.Debug|Any CPU.ActiveCfg = Debug|Any CPU
		{2C209B7D-4534-4B60-9B0C-653D02E6F10A}.Debug|Any CPU.Build.0 = Debug|Any CPU
		{2C209B7D-4534-4B60-9B0C-653D02E6F10A}.Release|Any CPU.ActiveCfg = Release|Any CPU
		{2C209B7D-4534-4B60-9B0C-653D02E6F10A}.Release|Any CPU.Build.0 = Release|Any CPU
	EndGlobalSection
	GlobalSection(SolutionProperties) = preSolution
		HideSolutionNode = FALSE
	EndGlobalSection
	GlobalSection(ExtensibilityGlobals) = postSolution
		SolutionGuid = {D0DF8724-E44C-4823-B179-46B9EAA03402}
	EndGlobalSection
EndGlobal
