
Microsoft Visual Studio Solution File, Format Version 12.00
# Visual Studio Version 16
VisualStudioVersion = 16.0.29306.81
MinimumVisualStudioVersion = 10.0.40219.1
Project("{FAE04EC0-301F-11D3-BF4B-00C04F79EFBC}") = "GardenApp", "GardenApp\GardenApp.csproj", "{07EF06C5-B717-4C6D-8BB1-638AB164AD4E}"
EndProject
Global
	GlobalSection(SolutionConfigurationPlatforms) = preSolution
		Debug|Any CPU = Debug|Any CPU
		Release|Any CPU = Release|Any CPU
	EndGlobalSection
	GlobalSection(ProjectConfigurationPlatforms) = postSolution
		{07EF06C5-B717-4C6D-8BB1-638AB164AD4E}.Debug|Any CPU.ActiveCfg = Debug|Any CPU
		{07EF06C5-B717-4C6D-8BB1-638AB164AD4E}.Debug|Any CPU.Build.0 = Debug|Any CPU
		{07EF06C5-B717-4C6D-8BB1-638AB164AD4E}.Release|Any CPU.ActiveCfg = Release|Any CPU
		{07EF06C5-B717-4C6D-8BB1-638AB164AD4E}.Release|Any CPU.Build.0 = Release|Any CPU
	EndGlobalSection
	GlobalSection(SolutionProperties) = preSolution
		HideSolutionNode = FALSE
	EndGlobalSection
	GlobalSection(ExtensibilityGlobals) = postSolution
		SolutionGuid = {4188FE1D-C9C0-4B88-BC46-7AD7756FD509}
	EndGlobalSection
EndGlobal
